
Microsoft Visual Studio Solution File, Format Version 12.00
# Visual Studio Version 16
VisualStudioVersion = 16.0.30517.126
MinimumVisualStudioVersion = 10.0.40219.1
Project("{9A19103F-16F7-4668-BE54-9A1E7A4F7556}") = "memamori", "memamori\memamori.csproj", "{2D7AE92A-A2B6-43E7-886E-089F10241F01}"
EndProject
Global
	GlobalSection(SolutionConfigurationPlatforms) = preSolution
		Debug|Any CPU = Debug|Any CPU
		Release|Any CPU = Release|Any CPU
	EndGlobalSection
	GlobalSection(ProjectConfigurationPlatforms) = postSolution
		{2D7AE92A-A2B6-43E7-886E-089F10241F01}.Debug|Any CPU.ActiveCfg = Debug|Any CPU
		{2D7AE92A-A2B6-43E7-886E-089F10241F01}.Debug|Any CPU.Build.0 = Debug|Any CPU
		{2D7AE92A-A2B6-43E7-886E-089F10241F01}.Release|Any CPU.ActiveCfg = Release|Any CPU
		{2D7AE92A-A2B6-43E7-886E-089F10241F01}.Release|Any CPU.Build.0 = Release|Any CPU
	EndGlobalSection
	GlobalSection(SolutionProperties) = preSolution
		HideSolutionNode = FALSE
	EndGlobalSection
	GlobalSection(ExtensibilityGlobals) = postSolution
		SolutionGuid = {4ADA267B-8EB9-4638-8FC8-53790B6EFA63}
	EndGlobalSection
EndGlobal
